PODS:
  - Google-Material-Design-Icons-Swift (1.0.1)
  - HexColors (5.0.1)
  - ObjectMapper (2.2.6)
  - pop (1.0.9)
  - SAConfettiView (0.1.8)
  - SWGradientView (2.0.0)
  - Swinject (2.1.0)

DEPENDENCIES:
  - Google-Material-Design-Icons-Swift (~> 1.0.1)
  - HexColors
  - ObjectMapper (~> 2.2)
  - pop (~> 1.0)
  - SAConfettiView
  - SWGradientView
  - Swinject (~> 2.1.0)

SPEC CHECKSUMS:
  Google-Material-Design-Icons-Swift: ff587db57d713061f66b8457229d1af2cae84c56
  HexColors: d642e696de77aa919584012e80bf62a4b099cee1
  ObjectMapper: 042708195cc46c20871cbcbec0453826398273fd
  pop: f667631a5108a2e60d9e8797c9b32ddaf2080bce
  SAConfettiView: c87031a2280659261b730fce3669fb10e73636ee
  SWGradientView: 0baa507923d2e91c19529d2d77cbba5988d926f2
  Swinject: 85e468ac75c5c2d234076f98c591d57d56bc64bc

PODFILE CHECKSUM: 656877e52c8316eec4e91157beeb306422f0c20c

COCOAPODS: 1.2.0
